github.com/Antonite/oware v0.0.0-20220122222852-b7464b7de171 h1:pDTth6K9XmA0/XXBCQY6EdpIKyemoPqfeLu0jEbcmbU=
github.com/Antonite/oware v0.0.0-20220122222852-b7464b7de171/go.mod h1:JkgvP4aqCH5QkB/MkZCf4+YUUt6ejaWr/1Qe7uVjv4M=
github.com/Antonite/oware v0.0.0-20220123011714-1374c39e0c72 h1:M9H+j10S3vEooSNxuJWv15m9yYNsy8DaKV9s/9PbdFY=
github.com/Antonite/oware v0.0.0-20220123011714-1374c39e0c72/go.mod h1:JkgvP4aqCH5QkB/MkZCf4+YUUt6ejaWr/1Qe7uVjv4M=
github.com/Antonite/oware v0.0.0-20220123013345-bf38edf1361b h1:fHzh9BikrpFN4TVo6k7BDJ/6IqKFQ9Qsd0Ml0/S5LWU=
github.com/Antonite/oware v0.0.0-20220123013345-bf38edf1361b/go.mod h1:JkgvP4aqCH5QkB/MkZCf4+YUUt6ejaWr/1Qe7uVjv4M=
github.com/Antonite/oware v0.0.0-20220123033308-27b3eb4b2c97 h1:YdRrCIfBv0n0dAcxkv28vDZVLrRToUy/mSeGEEtH/+M=
github.com/Antonite/oware v0.0.0-20220123033308-27b3eb4b2c97/go.mod h1:JkgvP4aqCH5QkB/MkZCf4+YUUt6ejaWr/1Qe7uVjv4M=
github.com/Antonite/oware v0.0.0-20220123035838-4363550683cb h1:aXwW5kob5J2YrPeEI4mBnaKqqVZkRgxPmXa09xKps7A=
github.com/Antonite/oware v0.0.0-20220123035838-4363550683cb/go.mod h1:JkgvP4aqCH5QkB/MkZCf4+YUUt6ejaWr/1Qe7uVjv4M=
github.com/Antonite/oware v0.0.0-20220123042021-ac1120623e5a h1:CCQBbNheBES4ZysHSY0rm+AXgPIQh7VfJCHfkWOAg7k=
github.com/Antonite/oware v0.0.0-20220123042021-ac1120623e5a/go.mod h1:JkgvP4aqCH5QkB/MkZCf4+YUUt6ejaWr/1Qe7uVjv4M=
github.com/Antonite/oware v0.0.0-20220123052702-d224ba4a7fdd h1:CTlbN3gnJEaOIl896EjtNbLve//lzPJqqWUz94c5uV4=
github.com/Antonite/oware v0.0.0-20220123052702-d224ba4a7fdd/go.mod h1:JkgvP4aqCH5QkB/MkZCf4+YUUt6ejaWr/1Qe7uVjv4M=
github.com/Antonite/oware v0.0.0-20220123063337-b6f332464aa8 h1:Im2xXLzulBwUy0vaBAFpmjE5bx4qefpc8Smk+EVyEZc=
github.com/Antonite/oware v0.0.0-20220123063337-b6f332464aa8/go.mod h1:JkgvP4aqCH5QkB/MkZCf4+YUUt6ejaWr/1Qe7uVjv4M=
github.com/Antonite/oware v0.0.0-20220123072252-a4471f5bd6f7 h1:FAEVAGM8O+ZnPPHe5jU9N5OD0ux/+cp47YigaUEIiCo=
github.com/Antonite/oware v0.0.0-20220123072252-a4471f5bd6f7/go.mod h1:JkgvP4aqCH5QkB/MkZCf4+YUUt6ejaWr/1Qe7uVjv4M=
github.com/Antonite/oware v0.0.0-20220123215236-960d054ae974 h1:sVW+GI/zKQlBQCWY5AW5kB/Kg8eu6/cgEXtePWoSTgA=
github.com/Antonite/oware v0.0.0-20220123215236-960d054ae974/go.mod h1:JkgvP4aqCH5QkB/MkZCf4+YUUt6ejaWr/1Qe7uVjv4M=
github.com/Antonite/oware v0.0.0-20220123220539-3b7123a375a7 h1:eusAF1/AnL478J1jGcK5IquZZzcnA/+c78J004wW2ys=
github.com/Antonite/oware v0.0.0-20220123220539-3b7123a375a7/go.mod h1:JkgvP4aqCH5QkB/MkZCf4+YUUt6ejaWr/1Qe7uVjv4M=
github.com/Antonite/oware v1.0.0 h1:4nWsMVUdSBzjJ8os7rETtw+C678OtKp/O9KkbZmjTDk=
github.com/Antonite/oware v1.0.0/go.mod h1:JkgvP4aqCH5QkB/MkZCf4+YUUt6ejaWr/1Qe7uVjv4M=
github.com/couchbase/gocb/v2 v2.3.5 h1:qgTqqpXWKBxGlBJPG2P6koZa201CrkXacZjjlU+9iOQ=
github.com/couchbase/gocb/v2 v2.3.5/go.mod h1:yvuaWdqR8XCyjHYh9ieLlwomBIT2GGNYSwxRlcNCTEA=
github.com/couchbase/gocbcore/v10 v10.0.6 h1:pKPhJWM9TBBMa755ARm25ZoBO6Fo6C4vVKvEAqpt4jE=
github.com/couchbase/gocbcore/v10 v10.0.6/go.mod h1:s6dwBFs4c3+cAzZbo1q0VW+QasudhHJuehE8b8U2YNg=
github.com/davecgh/go-spew v1.1.0/go.mod h1:J7Y8YcW2NihsgmVo/mv3lAwl/skON4iLHjSsI+c5H38=
github.com/davecgh/go-spew v1.1.1/go.mod h1:J7Y8YcW2NihsgmVo/mv3lAwl/skON4iLHjSsI+c5H38=
github.com/golang/snappy v0.0.1 h1:Qgr9rKW7uDUkrbSmQeiDsGa8SjGyCOGtuasMWwvp2P4=
github.com/golang/snappy v0.0.1/go.mod h1:/XxbfmMg8lxefKM7IXC3fBNl/7bRcc72aCRzEWrmP2Q=
github.com/golang/snappy v0.0.4 h1:yAGX7huGHXlcLOEtBnF4w7FQwA26wojNCwOYAEhLjQM=
github.com/golang/snappy v0.0.4/go.mod h1:/XxbfmMg8lxefKM7IXC3fBNl/7bRcc72aCRzEWrmP2Q=
github.com/google/uuid v1.1.1 h1:Gkbcsh/GbpXz7lPftLA3P6TYMwjCLYm83jiFQZF/3gY=
github.com/google/uuid v1.1.1/go.mod h1:TIyPZe4MgqvfeYDBFedMoGGpEw/LqOeaOT+nhxU+yHo=
github.com/google/uuid v1.3.0 h1:t6JiXgmwXMjEs8VusXIJk2BXHsn+wx8BZdTaoZ5fu7I=
github.com/google/uuid v1.3.0/go.mod h1:TIyPZe4MgqvfeYDBFedMoGGpEw/LqOeaOT+nhxU+yHo=
github.com/pkg/errors v0.9.1 h1:FEBLx1zS214owpjy7qsBeixbURkuhQAwrK5UwLGTwt4=
github.com/pkg/errors v0.9.1/go.mod h1:bwawxfHBFNV+L2hUp1rHADufV3IMtnDRdf1r5NINEl0=
github.com/pmezard/go-difflib v1.0.0/go.mod h1:iKH77koFhYxTK1pcRnkKkqfTogsbg7gZNVY4sRDYZ/4=
github.com/stretchr/objx v0.1.0/go.mod h1:HFkY916IF+rwdDfMAkV7OtwuqBVzrE8GR6GFx+wExME=
github.com/stretchr/objx v0.1.1/go.mod h1:HFkY916IF+rwdDfMAkV7OtwuqBVzrE8GR6GFx+wExME=
github.com/stretchr/testify v1.5.1/go.mod h1:5W2xD1RspED5o8YsWQXVCued0rvSQ+mT+I5cxcmMvtA=
github.com/stretchr/testify v1.7.0/go.mod h1:6Fq8oRcR53rry900zMqJjRRixrwX3KX962/h/Wwjteg=
gopkg.in/check.v1 v0.0.0-20161208181325-20d25e280405/go.mod h1:Co6ibVJAznAaIkqp8huTwlJQCZ016jof/cbN4VW5Yz0=
gopkg.in/yaml.v2 v2.2.2/go.mod h1:hI93XBmqTisBFMUTm0b8Fm+jr3Dg1NNxqwp+5A1VGuI=
gopkg.in/yaml.v3 v3.0.0-20200313102051-9f266ea9e77c/go.mod h1:K4uyk7z7BCEPqu6E+C64Yfv1cQ7kz7rIZviUmN+EgEM=
